{
  "name": "lit-space-news",
  "version": "0.0.1",
  "lockfileVersion": 3,
  "requires": true,
  "packages": {
    "": {
      "name": "lit-space-news",
      "version": "0.0.1",
      "license": "MIT",
      "dependencies": {
        "@lit-labs/signals": "^0.1.1",
        "@lit/task": "^1.0.1",
        "lit": "^3.2.0"
      },
      "devDependencies": {
        "vite": "^6.0.1"
      }
    },
    "node_modules/@esbuild/aix-ppc64": {
      "version": "0.24.0",
      "resolved": "https://pkgs.dev.azure.com/IngEurCDaaS01/IngOne/_packaging/central-npm-feed/npm/registry/@esbuild/aix-ppc64/-/aix-ppc64-0.24.0.tgz",
      "integrity": "sha1-tXaXlFtQ6ZAHtMJSFQfcYT1KZIw=",
      "cpu": [
        "ppc64"
      ],
      "dev": true,
      "license": "MIT",
      "optional": true,
      "os": [
        "aix"
      ],
      "engines": {
        "node": ">=18"
      }
    },
    "node_modules/@esbuild/android-arm": {
      "version": "0.24.0",
      "resolved": "https://pkgs.dev.azure.com/IngEurCDaaS01/IngOne/_packaging/central-npm-feed/npm/registry/@esbuild/android-arm/-/android-arm-0.24.0.tgz",
      "integrity": "sha1-q3JjBF+o4JCDOo48OTtg1Zp4mBA=",
      "cpu": [
        "arm"
      ],
      "dev": true,
      "license": "MIT",
      "optional": true,
      "os": [
        "android"
      ],
      "engines": {
        "node": ">=18"
      }
    },
    "node_modules/@esbuild/android-arm64": {
      "version": "0.24.0",
      "resolved": "https://pkgs.dev.azure.com/IngEurCDaaS01/IngOne/_packaging/central-npm-feed/npm/registry/@esbuild/android-arm64/-/android-arm64-0.24.0.tgz",
      "integrity": "sha1-Gt1+CvZ6zv1VbkB/hJfoH92tecA=",
      "cpu": [
        "arm64"
      ],
      "dev": true,
      "license": "MIT",
      "optional": true,
      "os": [
        "android"
      ],
      "engines": {
        "node": ">=18"
      }
    },
    "node_modules/@esbuild/android-x64": {
      "version": "0.24.0",
      "resolved": "https://pkgs.dev.azure.com/IngEurCDaaS01/IngOne/_packaging/central-npm-feed/npm/registry/@esbuild/android-x64/-/android-x64-0.24.0.tgz",
      "integrity": "sha1-6Pixls/f3Vrq672wEQmDRgRA5wU=",
      "cpu": [
        "x64"
      ],
      "dev": true,
      "license": "MIT",
      "optional": true,
      "os": [
        "android"
      ],
      "engines": {
        "node": ">=18"
      }
    },
    "node_modules/@esbuild/darwin-arm64": {
      "version": "0.24.0",
      "resolved": "https://pkgs.dev.azure.com/IngEurCDaaS01/IngOne/_packaging/central-npm-feed/npm/registry/@esbuild/darwin-arm64/-/darwin-arm64-0.24.0.tgz",
      "integrity": "sha1-LQ2UFPKsv/0thumCU5FPymA6U90=",
      "cpu": [
        "arm64"
      ],
      "dev": true,
      "license": "MIT",
      "optional": true,
      "os": [
        "darwin"
      ],
      "engines": {
        "node": ">=18"
      }
    },
    "node_modules/@esbuild/darwin-x64": {
      "version": "0.24.0",
      "resolved": "https://pkgs.dev.azure.com/IngEurCDaaS01/IngOne/_packaging/central-npm-feed/npm/registry/@esbuild/darwin-x64/-/darwin-x64-0.24.0.tgz",
      "integrity": "sha1-Mwh6qzGh62TIna89LPjOF3VlYQc=",
      "cpu": [
        "x64"
      ],
      "dev": true,
      "license": "MIT",
      "optional": true,
      "os": [
        "darwin"
      ],
      "engines": {
        "node": ">=18"
      }
    },
    "node_modules/@esbuild/freebsd-arm64": {
      "version": "0.24.0",
      "resolved": "https://pkgs.dev.azure.com/IngEurCDaaS01/IngOne/_packaging/central-npm-feed/npm/registry/@esbuild/freebsd-arm64/-/freebsd-arm64-0.24.0.tgz",
      "integrity": "sha1-u3bl6p6X+jx1NHLxlCEHXToz6Kc=",
      "cpu": [
        "arm64"
      ],
      "dev": true,
      "license": "MIT",
      "optional": true,
      "os": [
        "freebsd"
      ],
      "engines": {
        "node": ">=18"
      }
    },
    "node_modules/@esbuild/freebsd-x64": {
      "version": "0.24.0",
      "resolved": "https://pkgs.dev.azure.com/IngEurCDaaS01/IngOne/_packaging/central-npm-feed/npm/registry/@esbuild/freebsd-x64/-/freebsd-x64-0.24.0.tgz",
      "integrity": "sha1-4OLOkkn99u4p5dw9QgxwB/pXm5M=",
      "cpu": [
        "x64"
      ],
      "dev": true,
      "license": "MIT",
      "optional": true,
      "os": [
        "freebsd"
      ],
      "engines": {
        "node": ">=18"
      }
    },
    "node_modules/@esbuild/linux-arm": {
      "version": "0.24.0",
      "resolved": "https://pkgs.dev.azure.com/IngEurCDaaS01/IngOne/_packaging/central-npm-feed/npm/registry/@esbuild/linux-arm/-/linux-arm-0.24.0.tgz",
      "integrity": "sha1-jkkV346j4StpCgV+d6R7HVk1720=",
      "cpu": [
        "arm"
      ],
      "dev": true,
      "license": "MIT",
      "optional": true,
      "os": [
        "linux"
      ],
      "engines": {
        "node": ">=18"
      }
    },
    "node_modules/@esbuild/linux-arm64": {
      "version": "0.24.0",
      "resolved": "https://pkgs.dev.azure.com/IngEurCDaaS01/IngOne/_packaging/central-npm-feed/npm/registry/@esbuild/linux-arm64/-/linux-arm64-0.24.0.tgz",
      "integrity": "sha1-0bKqWAhfc+z0VTPAfILYEjU4jnU=",
      "cpu": [
        "arm64"
      ],
      "dev": true,
      "license": "MIT",
      "optional": true,
      "os": [
        "linux"
      ],
      "engines": {
        "node": ">=18"
      }
    },
    "node_modules/@esbuild/linux-ia32": {
      "version": "0.24.0",
      "resolved": "https://pkgs.dev.azure.com/IngEurCDaaS01/IngOne/_packaging/central-npm-feed/npm/registry/@esbuild/linux-ia32/-/linux-ia32-0.24.0.tgz",
      "integrity": "sha1-ggCxEQZmw5qzFlcjJLevY9ggE/s=",
      "cpu": [
        "ia32"
      ],
      "dev": true,
      "license": "MIT",
      "optional": true,
      "os": [
        "linux"
      ],
      "engines": {
        "node": ">=18"
      }
    },
    "node_modules/@esbuild/linux-loong64": {
      "version": "0.24.0",
      "resolved": "https://pkgs.dev.azure.com/IngEurCDaaS01/IngOne/_packaging/central-npm-feed/npm/registry/@esbuild/linux-loong64/-/linux-loong64-0.24.0.tgz",
      "integrity": "sha1-b/DJnPZHUE3zIdBkDw0y5VfadFw=",
      "cpu": [
        "loong64"
      ],
      "dev": true,
      "license": "MIT",
      "optional": true,
      "os": [
        "linux"
      ],
      "engines": {
        "node": ">=18"
      }
    },
    "node_modules/@esbuild/linux-mips64el": {
      "version": "0.24.0",
      "resolved": "https://pkgs.dev.azure.com/IngEurCDaaS01/IngOne/_packaging/central-npm-feed/npm/registry/@esbuild/linux-mips64el/-/linux-mips64el-0.24.0.tgz",
      "integrity": "sha1-P3IMzU1Zv+tMLOJ2pGt3rTgPofM=",
      "cpu": [
        "mips64el"
      ],
      "dev": true,
      "license": "MIT",
      "optional": true,
      "os": [
        "linux"
      ],
      "engines": {
        "node": ">=18"
      }
    },
    "node_modules/@esbuild/linux-ppc64": {
      "version": "0.24.0",
      "resolved": "https://pkgs.dev.azure.com/IngEurCDaaS01/IngOne/_packaging/central-npm-feed/npm/registry/@esbuild/linux-ppc64/-/linux-ppc64-0.24.0.tgz",
      "integrity": "sha1-nWsYixXCWv0uITR0v18x5C46oJ4=",
      "cpu": [
        "ppc64"
      ],
      "dev": true,
      "license": "MIT",
      "optional": true,
      "os": [
        "linux"
      ],
      "engines": {
        "node": ">=18"
      }
    },
    "node_modules/@esbuild/linux-riscv64": {
      "version": "0.24.0",
      "resolved": "https://pkgs.dev.azure.com/IngEurCDaaS01/IngOne/_packaging/central-npm-feed/npm/registry/@esbuild/linux-riscv64/-/linux-riscv64-0.24.0.tgz",
      "integrity": "sha1-+Yn9yXUt/aKGyc2HxGJI5N/svCU=",
      "cpu": [
        "riscv64"
      ],
      "dev": true,
      "license": "MIT",
      "optional": true,
      "os": [
        "linux"
      ],
      "engines": {
        "node": ">=18"
      }
    },
    "node_modules/@esbuild/linux-s390x": {
      "version": "0.24.0",
      "resolved": "https://pkgs.dev.azure.com/IngEurCDaaS01/IngOne/_packaging/central-npm-feed/npm/registry/@esbuild/linux-s390x/-/linux-s390x-0.24.0.tgz",
      "integrity": "sha1-Kev4fkEy6mWcFIn85jzYUJ0ccxk=",
      "cpu": [
        "s390x"
      ],
      "dev": true,
      "license": "MIT",
      "optional": true,
      "os": [
        "linux"
      ],
      "engines": {
        "node": ">=18"
      }
    },
    "node_modules/@esbuild/linux-x64": {
      "version": "0.24.0",
      "resolved": "https://pkgs.dev.azure.com/IngEurCDaaS01/IngOne/_packaging/central-npm-feed/npm/registry/@esbuild/linux-x64/-/linux-x64-0.24.0.tgz",
      "integrity": "sha1-SvSMXAR5VpsfNZ/7ziLRXyYcDO8=",
      "cpu": [
        "x64"
      ],
      "dev": true,
      "license": "MIT",
      "optional": true,
      "os": [
        "linux"
      ],
      "engines": {
        "node": ">=18"
      }
    },
    "node_modules/@esbuild/netbsd-x64": {
      "version": "0.24.0",
      "resolved": "https://pkgs.dev.azure.com/IngEurCDaaS01/IngOne/_packaging/central-npm-feed/npm/registry/@esbuild/netbsd-x64/-/netbsd-x64-0.24.0.tgz",
      "integrity": "sha1-Guc9I8wESg69TxmDNEFvsmwxNmw=",
      "cpu": [
        "x64"
      ],
      "dev": true,
      "license": "MIT",
      "optional": true,
      "os": [
        "netbsd"
      ],
      "engines": {
        "node": ">=18"
      }
    },
    "node_modules/@esbuild/openbsd-arm64": {
      "version": "0.24.0",
      "resolved": "https://pkgs.dev.azure.com/IngEurCDaaS01/IngOne/_packaging/central-npm-feed/npm/registry/@esbuild/openbsd-arm64/-/openbsd-arm64-0.24.0.tgz",
      "integrity": "sha1-XZBKT1FYyJhZ/ZAsQn+W1qnmMuI=",
      "cpu": [
        "arm64"
      ],
      "dev": true,
      "license": "MIT",
      "optional": true,
      "os": [
        "openbsd"
      ],
      "engines": {
        "node": ">=18"
      }
    },
    "node_modules/@esbuild/openbsd-x64": {
      "version": "0.24.0",
      "resolved": "https://pkgs.dev.azure.com/IngEurCDaaS01/IngOne/_packaging/central-npm-feed/npm/registry/@esbuild/openbsd-x64/-/openbsd-x64-0.24.0.tgz",
      "integrity": "sha1-TIqojEkYfGAbrilx5xxtxeCtHN8=",
      "cpu": [
        "x64"
      ],
      "dev": true,
      "license": "MIT",
      "optional": true,
      "os": [
        "openbsd"
      ],
      "engines": {
        "node": ">=18"
      }
    },
    "node_modules/@esbuild/sunos-x64": {
      "version": "0.24.0",
      "resolved": "https://pkgs.dev.azure.com/IngEurCDaaS01/IngOne/_packaging/central-npm-feed/npm/registry/@esbuild/sunos-x64/-/sunos-x64-0.24.0.tgz",
      "integrity": "sha1-jdw1oOo4V1+kTtowpe4Bri+lTdQ=",
      "cpu": [
        "x64"
      ],
      "dev": true,
      "license": "MIT",
      "optional": true,
      "os": [
        "sunos"
      ],
      "engines": {
        "node": ">=18"
      }
    },
    "node_modules/@esbuild/win32-arm64": {
      "version": "0.24.0",
      "resolved": "https://pkgs.dev.azure.com/IngEurCDaaS01/IngOne/_packaging/central-npm-feed/npm/registry/@esbuild/win32-arm64/-/win32-arm64-0.24.0.tgz",
      "integrity": "sha1-bnnIVD8oLEU522hKIHrg4XSpAHs=",
      "cpu": [
        "arm64"
      ],
      "dev": true,
      "license": "MIT",
      "optional": true,
      "os": [
        "win32"
      ],
      "engines": {
        "node": ">=18"
      }
    },
    "node_modules/@esbuild/win32-ia32": {
      "version": "0.24.0",
      "resolved": "https://pkgs.dev.azure.com/IngEurCDaaS01/IngOne/_packaging/central-npm-feed/npm/registry/@esbuild/win32-ia32/-/win32-ia32-0.24.0.tgz",
      "integrity": "sha1-BXrzRdola3GS0YtnagLpXQ+jkQM=",
      "cpu": [
        "ia32"
      ],
      "dev": true,
      "license": "MIT",
      "optional": true,
      "os": [
        "win32"
      ],
      "engines": {
        "node": ">=18"
      }
    },
    "node_modules/@esbuild/win32-x64": {
      "version": "0.24.0",
      "resolved": "https://pkgs.dev.azure.com/IngEurCDaaS01/IngOne/_packaging/central-npm-feed/npm/registry/@esbuild/win32-x64/-/win32-x64-0.24.0.tgz",
      "integrity": "sha1-Foqxx+HDGLkiY3+tjzOdSLAeEkQ=",
      "cpu": [
        "x64"
      ],
      "dev": true,
      "license": "MIT",
      "optional": true,
      "os": [
        "win32"
      ],
      "engines": {
        "node": ">=18"
      }
    },
    "node_modules/@lit-labs/signals": {
      "version": "0.1.1",
      "resolved": "https://pkgs.dev.azure.com/IngEurCDaaS01/IngOne/_packaging/central-npm-feed/npm/registry/@lit-labs/signals/-/signals-0.1.1.tgz",
      "integrity": "sha1-gVW6nc6V/oPws8eVQy1nfrJSDvE=",
      "license": "BSD-3-Clause",
      "dependencies": {
        "lit": "^2.0.0 || ^3.0.0",
        "signal-polyfill": "^0.2.0"
      }
    },
    "node_modules/@lit-labs/ssr-dom-shim": {
      "version": "1.2.1",
      "resolved": "https://pkgs.dev.azure.com/IngEurCDaaS01/IngOne/_packaging/central-npm-feed/npm/registry/@lit-labs/ssr-dom-shim/-/ssr-dom-shim-1.2.1.tgz",
      "integrity": "sha1-LzqPHWiJNccE28iRMjlKQQKay7g=",
      "license": "BSD-3-Clause"
    },
    "node_modules/@lit/reactive-element": {
      "version": "2.0.4",
      "resolved": "https://pkgs.dev.azure.com/IngEurCDaaS01/IngOne/_packaging/central-npm-feed/npm/registry/@lit/reactive-element/-/reactive-element-2.0.4.tgz",
      "integrity": "sha1-jy7ZUKhIAWODiUomGA/wbFauABs=",
      "license": "BSD-3-Clause",
      "dependencies": {
        "@lit-labs/ssr-dom-shim": "^1.2.0"
      }
    },
    "node_modules/@lit/task": {
      "version": "1.0.1",
      "resolved": "https://pkgs.dev.azure.com/IngEurCDaaS01/IngOne/_packaging/central-npm-feed/npm/registry/@lit/task/-/task-1.0.1.tgz",
      "integrity": "sha1-dGKuqpc3ZoIlZ/XKkP4VdATo64E=",
      "license": "BSD-3-Clause",
      "dependencies": {
        "@lit/reactive-element": "^1.0.0 || ^2.0.0"
      }
    },
    "node_modules/@rollup/rollup-darwin-arm64": {
      "version": "4.24.3",
      "resolved": "https://pkgs.dev.azure.com/IngEurCDaaS01/IngOne/_packaging/central-npm-feed/npm/registry/@rollup/rollup-darwin-arm64/-/rollup-darwin-arm64-4.24.3.tgz",
      "integrity": "sha1-FncsAwnQ3DzKcWWAzax6HFYN30Y=",
      "cpu": [
        "arm64"
      ],
      "dev": true,
      "license": "MIT",
      "optional": true,
      "os": [
        "darwin"
      ]
    },
    "node_modules/@types/estree": {
      "version": "1.0.6",
      "resolved": "https://pkgs.dev.azure.com/IngEurCDaaS01/IngOne/_packaging/central-npm-feed/npm/registry/@types/estree/-/estree-1.0.6.tgz",
      "integrity": "sha1-Yo7/7q4gZKG055946B2Ht+X8e1A=",
      "dev": true,
      "license": "MIT"
    },
    "node_modules/@types/trusted-types": {
      "version": "2.0.7",
      "resolved": "https://pkgs.dev.azure.com/IngEurCDaaS01/IngOne/_packaging/central-npm-feed/npm/registry/@types/trusted-types/-/trusted-types-2.0.7.tgz",
      "integrity": "sha1-usywepcLkXB986PoumiWxX6tLRE=",
      "license": "MIT"
    },
    "node_modules/esbuild": {
      "version": "0.24.0",
      "resolved": "https://pkgs.dev.azure.com/IngEurCDaaS01/IngOne/_packaging/central-npm-feed/npm/registry/esbuild/-/esbuild-0.24.0.tgz",
      "integrity": "sha1-8tRwWWiF/LLpHCHrPaOzyJwLVec=",
      "dev": true,
      "hasInstallScript": true,
      "license": "MIT",
      "bin": {
        "esbuild": "bin/esbuild"
      },
      "engines": {
        "node": ">=18"
      },
      "optionalDependencies": {
        "@esbuild/aix-ppc64": "0.24.0",
        "@esbuild/android-arm": "0.24.0",
        "@esbuild/android-arm64": "0.24.0",
        "@esbuild/android-x64": "0.24.0",
        "@esbuild/darwin-arm64": "0.24.0",
        "@esbuild/darwin-x64": "0.24.0",
        "@esbuild/freebsd-arm64": "0.24.0",
        "@esbuild/freebsd-x64": "0.24.0",
        "@esbuild/linux-arm": "0.24.0",
        "@esbuild/linux-arm64": "0.24.0",
        "@esbuild/linux-ia32": "0.24.0",
        "@esbuild/linux-loong64": "0.24.0",
        "@esbuild/linux-mips64el": "0.24.0",
        "@esbuild/linux-ppc64": "0.24.0",
        "@esbuild/linux-riscv64": "0.24.0",
        "@esbuild/linux-s390x": "0.24.0",
        "@esbuild/linux-x64": "0.24.0",
        "@esbuild/netbsd-x64": "0.24.0",
        "@esbuild/openbsd-arm64": "0.24.0",
        "@esbuild/openbsd-x64": "0.24.0",
        "@esbuild/sunos-x64": "0.24.0",
        "@esbuild/win32-arm64": "0.24.0",
        "@esbuild/win32-ia32": "0.24.0",
        "@esbuild/win32-x64": "0.24.0"
      }
    },
    "node_modules/fsevents": {
      "version": "2.3.3",
      "resolved": "https://pkgs.dev.azure.com/IngEurCDaaS01/IngOne/_packaging/central-npm-feed/npm/registry/fsevents/-/fsevents-2.3.3.tgz",
      "integrity": "sha1-ysZAd4XQNnWipeGlMFxpezR9kNY=",
      "dev": true,
      "license": "MIT",
      "optional": true,
      "os": [
        "darwin"
      ],
      "engines": {
        "node": "^8.16.0 || ^10.6.0 || >=11.0.0"
      }
    },
    "node_modules/lit": {
      "version": "3.2.0",
      "resolved": "https://pkgs.dev.azure.com/IngEurCDaaS01/IngOne/_packaging/central-npm-feed/npm/registry/lit/-/lit-3.2.0.tgz",
      "integrity": "sha1-IYnXK8y8M19zOme/u9KV8BXmjgU=",
      "license": "BSD-3-Clause",
      "dependencies": {
        "@lit/reactive-element": "^2.0.4",
        "lit-element": "^4.1.0",
        "lit-html": "^3.2.0"
      }
    },
    "node_modules/lit-element": {
      "version": "4.1.0",
      "resolved": "https://pkgs.dev.azure.com/IngEurCDaaS01/IngOne/_packaging/central-npm-feed/npm/registry/lit-element/-/lit-element-4.1.0.tgz",
      "integrity": "sha1-zqPrJfFQkeP63gfE2Rf6aq9Wun0=",
      "license": "BSD-3-Clause",
      "dependencies": {
        "@lit-labs/ssr-dom-shim": "^1.2.0",
        "@lit/reactive-element": "^2.0.4",
        "lit-html": "^3.2.0"
      }
    },
    "node_modules/lit-html": {
      "version": "3.2.0",
      "resolved": "https://pkgs.dev.azure.com/IngEurCDaaS01/IngOne/_packaging/central-npm-feed/npm/registry/lit-html/-/lit-html-3.2.0.tgz",
      "integrity": "sha1-ywkHGoofXwhQhz+RQ/GPAmC+H9o=",
      "license": "BSD-3-Clause",
      "dependencies": {
        "@types/trusted-types": "^2.0.2"
      }
    },
    "node_modules/nanoid": {
      "version": "3.3.8",
      "resolved": "https://pkgs.dev.azure.com/IngEurCDaaS01/IngOne/_packaging/central-npm-feed/npm/registry/nanoid/-/nanoid-3.3.8.tgz",
      "integrity": "sha1-sb4wML7jaq/xi6yzdeXM5SFoS68=",
      "dev": true,
      "funding": [
        {
          "type": "github",
          "url": "https://github.com/sponsors/ai"
        }
      ],
      "license": "MIT",
      "bin": {
        "nanoid": "bin/nanoid.cjs"
      },
      "engines": {
        "node": "^10 || ^12 || ^13.7 || ^14 || >=15.0.1"
      }
    },
    "node_modules/picocolors": {
      "version": "1.1.1",
      "resolved": "https://pkgs.dev.azure.com/IngEurCDaaS01/IngOne/_packaging/central-npm-feed/npm/registry/picocolors/-/picocolors-1.1.1.tgz",
      "integrity": "sha1-PTIa8+q5ObCDyPkpodEs2oHCa2s=",
      "dev": true,
      "license": "ISC"
    },
    "node_modules/postcss": {
      "version": "8.4.49",
      "resolved": "https://pkgs.dev.azure.com/IngEurCDaaS01/IngOne/_packaging/central-npm-feed/npm/registry/postcss/-/postcss-8.4.49.tgz",
      "integrity": "sha1-TqR5BIqwWas65h0IIZD6v9mU/hk=",
      "dev": true,
      "funding": [
        {
          "type": "opencollective",
          "url": "https://opencollective.com/postcss/"
        },
        {
          "type": "tidelift",
          "url": "https://tidelift.com/funding/github/npm/postcss"
        },
        {
          "type": "github",
          "url": "https://github.com/sponsors/ai"
        }
      ],
      "license": "MIT",
      "dependencies": {
        "nanoid": "^3.3.7",
        "picocolors": "^1.1.1",
        "source-map-js": "^1.2.1"
      },
      "engines": {
        "node": "^10 || ^12 || >=14"
      }
    },
    "node_modules/rollup": {
      "version": "4.24.3",
      "resolved": "https://pkgs.dev.azure.com/IngEurCDaaS01/IngOne/_packaging/central-npm-feed/npm/registry/rollup/-/rollup-4.24.3.tgz",
      "integrity": "sha1-iyWQY3QK9gsAMDFfiGZbogQXibg=",
      "dev": true,
      "license": "MIT",
      "dependencies": {
        "@types/estree": "1.0.6"
      },
      "bin": {
        "rollup": "dist/bin/rollup"
      },
      "engines": {
        "node": ">=18.0.0",
        "npm": ">=8.0.0"
      },
      "optionalDependencies": {
        "@rollup/rollup-android-arm-eabi": "4.24.3",
        "@rollup/rollup-android-arm64": "4.24.3",
        "@rollup/rollup-darwin-arm64": "4.24.3",
        "@rollup/rollup-darwin-x64": "4.24.3",
        "@rollup/rollup-freebsd-arm64": "4.24.3",
        "@rollup/rollup-freebsd-x64": "4.24.3",
        "@rollup/rollup-linux-arm-gnueabihf": "4.24.3",
        "@rollup/rollup-linux-arm-musleabihf": "4.24.3",
        "@rollup/rollup-linux-arm64-gnu": "4.24.3",
        "@rollup/rollup-linux-arm64-musl": "4.24.3",
        "@rollup/rollup-linux-powerpc64le-gnu": "4.24.3",
        "@rollup/rollup-linux-riscv64-gnu": "4.24.3",
        "@rollup/rollup-linux-s390x-gnu": "4.24.3",
        "@rollup/rollup-linux-x64-gnu": "4.24.3",
        "@rollup/rollup-linux-x64-musl": "4.24.3",
        "@rollup/rollup-win32-arm64-msvc": "4.24.3",
        "@rollup/rollup-win32-ia32-msvc": "4.24.3",
        "@rollup/rollup-win32-x64-msvc": "4.24.3",
        "fsevents": "~2.3.2"
      }
    },
    "node_modules/signal-polyfill": {
      "version": "0.2.1",
      "resolved": "https://pkgs.dev.azure.com/IngEurCDaaS01/IngOne/_packaging/central-npm-feed/npm/registry/signal-polyfill/-/signal-polyfill-0.2.1.tgz",
      "integrity": "sha1-bDdiI34YECueRXcCM6ixMTBqmC0=",
      "license": "Apache-2.0"
    },
    "node_modules/source-map-js": {
      "version": "1.2.1",
      "resolved": "https://pkgs.dev.azure.com/IngEurCDaaS01/IngOne/_packaging/central-npm-feed/npm/registry/source-map-js/-/source-map-js-1.2.1.tgz",
      "integrity": "sha1-HOVlD93YerwJnto33P8CTCZnrkY=",
      "dev": true,
      "license": "BSD-3-Clause",
      "engines": {
        "node": ">=0.10.0"
      }
    },
    "node_modules/vite": {
      "version": "6.0.1",
      "resolved": "https://pkgs.dev.azure.com/IngEurCDaaS01/IngOne/_packaging/central-npm-feed/npm/registry/vite/-/vite-6.0.1.tgz",
      "integrity": "sha1-JMnK8kmY8FmN43vtZ+UOxbnf6vA=",
      "dev": true,
      "license": "MIT",
      "dependencies": {
        "esbuild": "^0.24.0",
        "postcss": "^8.4.49",
        "rollup": "^4.23.0"
      },
      "bin": {
        "vite": "bin/vite.js"
      },
      "engines": {
        "node": "^18.0.0 || ^20.0.0 || >=22.0.0"
      },
      "funding": {
        "url": "https://github.com/vitejs/vite?sponsor=1"
      },
      "optionalDependencies": {
        "fsevents": "~2.3.3"
      },
      "peerDependencies": {
        "@types/node": "^18.0.0 || ^20.0.0 || >=22.0.0",
        "jiti": ">=1.21.0",
        "less": "*",
        "lightningcss": "^1.21.0",
        "sass": "*",
        "sass-embedded": "*",
        "stylus": "*",
        "sugarss": "*",
        "terser": "^5.16.0",
        "tsx": "^4.8.1",
        "yaml": "^2.4.2"
      },
      "peerDependenciesMeta": {
        "@types/node": {
          "optional": true
        },
        "jiti": {
          "optional": true
        },
        "less": {
          "optional": true
        },
        "lightningcss": {
          "optional": true
        },
        "sass": {
          "optional": true
        },
        "sass-embedded": {
          "optional": true
        },
        "stylus": {
          "optional": true
        },
        "sugarss": {
          "optional": true
        },
        "terser": {
          "optional": true
        },
        "tsx": {
          "optional": true
        },
        "yaml": {
          "optional": true
        }
      }
    }
  }
}
