{
  "name": "lit-space-news",
  "version": "0.0.1",
  "lockfileVersion": 3,
  "requires": true,
  "packages": {
    "": {
      "name": "lit-space-news",
      "version": "0.0.1",
      "license": "MIT",
      "dependencies": {
        "@lit-labs/signals": "^0.1.1",
        "@lit/task": "^1.0.1",
        "lit": "^3.2.0",
        "open-props": "1.7.7"
      },
      "devDependencies": {
        "vite": "^5.4.5"
      }
    },
    "node_modules/@esbuild/darwin-arm64": {
      "version": "0.21.5",
      "resolved": "https://pkgs.dev.azure.com/IngEurCDaaS01/IngOne/_packaging/central-npm-feed/npm/registry/@esbuild/darwin-arm64/-/darwin-arm64-0.21.5.tgz",
      "integrity": "sha1-5JW1OWYOUWkPOSivUKdvsKbM/yo=",
      "cpu": [
        "arm64"
      ],
      "dev": true,
      "license": "MIT",
      "optional": true,
      "os": [
        "darwin"
      ],
      "engines": {
        "node": ">=12"
      }
    },
    "node_modules/@lit-labs/signals": {
      "version": "0.1.1",
      "resolved": "https://pkgs.dev.azure.com/IngEurCDaaS01/IngOne/_packaging/central-npm-feed/npm/registry/@lit-labs/signals/-/signals-0.1.1.tgz",
      "integrity": "sha1-gVW6nc6V/oPws8eVQy1nfrJSDvE=",
      "license": "BSD-3-Clause",
      "dependencies": {
        "lit": "^2.0.0 || ^3.0.0",
        "signal-polyfill": "^0.2.0"
      }
    },
    "node_modules/@lit-labs/ssr-dom-shim": {
      "version": "1.2.1",
      "resolved": "https://pkgs.dev.azure.com/IngEurCDaaS01/IngOne/_packaging/central-npm-feed/npm/registry/@lit-labs/ssr-dom-shim/-/ssr-dom-shim-1.2.1.tgz",
      "integrity": "sha1-LzqPHWiJNccE28iRMjlKQQKay7g=",
      "license": "BSD-3-Clause"
    },
    "node_modules/@lit/reactive-element": {
      "version": "2.0.4",
      "resolved": "https://pkgs.dev.azure.com/IngEurCDaaS01/IngOne/_packaging/central-npm-feed/npm/registry/@lit/reactive-element/-/reactive-element-2.0.4.tgz",
      "integrity": "sha1-jy7ZUKhIAWODiUomGA/wbFauABs=",
      "license": "BSD-3-Clause",
      "dependencies": {
        "@lit-labs/ssr-dom-shim": "^1.2.0"
      }
    },
    "node_modules/@lit/task": {
      "version": "1.0.1",
      "resolved": "https://pkgs.dev.azure.com/IngEurCDaaS01/IngOne/_packaging/central-npm-feed/npm/registry/@lit/task/-/task-1.0.1.tgz",
      "integrity": "sha1-dGKuqpc3ZoIlZ/XKkP4VdATo64E=",
      "license": "BSD-3-Clause",
      "dependencies": {
        "@lit/reactive-element": "^1.0.0 || ^2.0.0"
      }
    },
    "node_modules/@rollup/rollup-darwin-arm64": {
      "version": "4.24.3",
      "resolved": "https://pkgs.dev.azure.com/IngEurCDaaS01/IngOne/_packaging/central-npm-feed/npm/registry/@rollup/rollup-darwin-arm64/-/rollup-darwin-arm64-4.24.3.tgz",
      "integrity": "sha1-FncsAwnQ3DzKcWWAzax6HFYN30Y=",
      "cpu": [
        "arm64"
      ],
      "dev": true,
      "license": "MIT",
      "optional": true,
      "os": [
        "darwin"
      ]
    },
    "node_modules/@types/estree": {
      "version": "1.0.6",
      "resolved": "https://pkgs.dev.azure.com/IngEurCDaaS01/IngOne/_packaging/central-npm-feed/npm/registry/@types/estree/-/estree-1.0.6.tgz",
      "integrity": "sha1-Yo7/7q4gZKG055946B2Ht+X8e1A=",
      "dev": true,
      "license": "MIT"
    },
    "node_modules/@types/trusted-types": {
      "version": "2.0.7",
      "resolved": "https://pkgs.dev.azure.com/IngEurCDaaS01/IngOne/_packaging/central-npm-feed/npm/registry/@types/trusted-types/-/trusted-types-2.0.7.tgz",
      "integrity": "sha1-usywepcLkXB986PoumiWxX6tLRE=",
      "license": "MIT"
    },
    "node_modules/esbuild": {
      "version": "0.21.5",
      "resolved": "https://pkgs.dev.azure.com/IngEurCDaaS01/IngOne/_packaging/central-npm-feed/npm/registry/esbuild/-/esbuild-0.21.5.tgz",
      "integrity": "sha1-nKMBsSCSKVm3ZjYNisgw2g0CmX0=",
      "dev": true,
      "hasInstallScript": true,
      "license": "MIT",
      "bin": {
        "esbuild": "bin/esbuild"
      },
      "engines": {
        "node": ">=12"
      },
      "optionalDependencies": {
        "@esbuild/aix-ppc64": "0.21.5",
        "@esbuild/android-arm": "0.21.5",
        "@esbuild/android-arm64": "0.21.5",
        "@esbuild/android-x64": "0.21.5",
        "@esbuild/darwin-arm64": "0.21.5",
        "@esbuild/darwin-x64": "0.21.5",
        "@esbuild/freebsd-arm64": "0.21.5",
        "@esbuild/freebsd-x64": "0.21.5",
        "@esbuild/linux-arm": "0.21.5",
        "@esbuild/linux-arm64": "0.21.5",
        "@esbuild/linux-ia32": "0.21.5",
        "@esbuild/linux-loong64": "0.21.5",
        "@esbuild/linux-mips64el": "0.21.5",
        "@esbuild/linux-ppc64": "0.21.5",
        "@esbuild/linux-riscv64": "0.21.5",
        "@esbuild/linux-s390x": "0.21.5",
        "@esbuild/linux-x64": "0.21.5",
        "@esbuild/netbsd-x64": "0.21.5",
        "@esbuild/openbsd-x64": "0.21.5",
        "@esbuild/sunos-x64": "0.21.5",
        "@esbuild/win32-arm64": "0.21.5",
        "@esbuild/win32-ia32": "0.21.5",
        "@esbuild/win32-x64": "0.21.5"
      }
    },
    "node_modules/fsevents": {
      "version": "2.3.3",
      "resolved": "https://pkgs.dev.azure.com/IngEurCDaaS01/IngOne/_packaging/central-npm-feed/npm/registry/fsevents/-/fsevents-2.3.3.tgz",
      "integrity": "sha1-ysZAd4XQNnWipeGlMFxpezR9kNY=",
      "dev": true,
      "license": "MIT",
      "optional": true,
      "os": [
        "darwin"
      ],
      "engines": {
        "node": "^8.16.0 || ^10.6.0 || >=11.0.0"
      }
    },
    "node_modules/lit": {
      "version": "3.2.0",
      "resolved": "https://pkgs.dev.azure.com/IngEurCDaaS01/IngOne/_packaging/central-npm-feed/npm/registry/lit/-/lit-3.2.0.tgz",
      "integrity": "sha1-IYnXK8y8M19zOme/u9KV8BXmjgU=",
      "license": "BSD-3-Clause",
      "dependencies": {
        "@lit/reactive-element": "^2.0.4",
        "lit-element": "^4.1.0",
        "lit-html": "^3.2.0"
      }
    },
    "node_modules/lit-element": {
      "version": "4.1.0",
      "resolved": "https://pkgs.dev.azure.com/IngEurCDaaS01/IngOne/_packaging/central-npm-feed/npm/registry/lit-element/-/lit-element-4.1.0.tgz",
      "integrity": "sha1-zqPrJfFQkeP63gfE2Rf6aq9Wun0=",
      "license": "BSD-3-Clause",
      "dependencies": {
        "@lit-labs/ssr-dom-shim": "^1.2.0",
        "@lit/reactive-element": "^2.0.4",
        "lit-html": "^3.2.0"
      }
    },
    "node_modules/lit-html": {
      "version": "3.2.0",
      "resolved": "https://pkgs.dev.azure.com/IngEurCDaaS01/IngOne/_packaging/central-npm-feed/npm/registry/lit-html/-/lit-html-3.2.0.tgz",
      "integrity": "sha1-ywkHGoofXwhQhz+RQ/GPAmC+H9o=",
      "license": "BSD-3-Clause",
      "dependencies": {
        "@types/trusted-types": "^2.0.2"
      }
    },
    "node_modules/nanoid": {
      "version": "3.3.7",
      "resolved": "https://pkgs.dev.azure.com/IngEurCDaaS01/IngOne/_packaging/central-npm-feed/npm/registry/nanoid/-/nanoid-3.3.7.tgz",
      "integrity": "sha1-0MMBppG8jVTvoKIibM8/4v1la9g=",
      "dev": true,
      "funding": [
        {
          "type": "github",
          "url": "https://github.com/sponsors/ai"
        }
      ],
      "license": "MIT",
      "bin": {
        "nanoid": "bin/nanoid.cjs"
      },
      "engines": {
        "node": "^10 || ^12 || ^13.7 || ^14 || >=15.0.1"
      }
    },
    "node_modules/open-props": {
      "version": "1.7.7",
      "resolved": "https://pkgs.dev.azure.com/IngEurCDaaS01/IngOne/_packaging/central-npm-feed/npm/registry/open-props/-/open-props-1.7.7.tgz",
      "integrity": "sha1-8/P9dEyWI6pSlNmY+SrHL4GVWT0=",
      "license": "MIT"
    },
    "node_modules/picocolors": {
      "version": "1.1.1",
      "resolved": "https://pkgs.dev.azure.com/IngEurCDaaS01/IngOne/_packaging/central-npm-feed/npm/registry/picocolors/-/picocolors-1.1.1.tgz",
      "integrity": "sha1-PTIa8+q5ObCDyPkpodEs2oHCa2s=",
      "dev": true,
      "license": "ISC"
    },
    "node_modules/postcss": {
      "version": "8.4.47",
      "resolved": "https://pkgs.dev.azure.com/IngEurCDaaS01/IngOne/_packaging/central-npm-feed/npm/registry/postcss/-/postcss-8.4.47.tgz",
      "integrity": "sha1-W/bJoBDz5yTFA78D73lH3LD+o2U=",
      "dev": true,
      "funding": [
        {
          "type": "opencollective",
          "url": "https://opencollective.com/postcss/"
        },
        {
          "type": "tidelift",
          "url": "https://tidelift.com/funding/github/npm/postcss"
        },
        {
          "type": "github",
          "url": "https://github.com/sponsors/ai"
        }
      ],
      "license": "MIT",
      "dependencies": {
        "nanoid": "^3.3.7",
        "picocolors": "^1.1.0",
        "source-map-js": "^1.2.1"
      },
      "engines": {
        "node": "^10 || ^12 || >=14"
      }
    },
    "node_modules/rollup": {
      "version": "4.24.3",
      "resolved": "https://pkgs.dev.azure.com/IngEurCDaaS01/IngOne/_packaging/central-npm-feed/npm/registry/rollup/-/rollup-4.24.3.tgz",
      "integrity": "sha1-iyWQY3QK9gsAMDFfiGZbogQXibg=",
      "dev": true,
      "license": "MIT",
      "dependencies": {
        "@types/estree": "1.0.6"
      },
      "bin": {
        "rollup": "dist/bin/rollup"
      },
      "engines": {
        "node": ">=18.0.0",
        "npm": ">=8.0.0"
      },
      "optionalDependencies": {
        "@rollup/rollup-android-arm-eabi": "4.24.3",
        "@rollup/rollup-android-arm64": "4.24.3",
        "@rollup/rollup-darwin-arm64": "4.24.3",
        "@rollup/rollup-darwin-x64": "4.24.3",
        "@rollup/rollup-freebsd-arm64": "4.24.3",
        "@rollup/rollup-freebsd-x64": "4.24.3",
        "@rollup/rollup-linux-arm-gnueabihf": "4.24.3",
        "@rollup/rollup-linux-arm-musleabihf": "4.24.3",
        "@rollup/rollup-linux-arm64-gnu": "4.24.3",
        "@rollup/rollup-linux-arm64-musl": "4.24.3",
        "@rollup/rollup-linux-powerpc64le-gnu": "4.24.3",
        "@rollup/rollup-linux-riscv64-gnu": "4.24.3",
        "@rollup/rollup-linux-s390x-gnu": "4.24.3",
        "@rollup/rollup-linux-x64-gnu": "4.24.3",
        "@rollup/rollup-linux-x64-musl": "4.24.3",
        "@rollup/rollup-win32-arm64-msvc": "4.24.3",
        "@rollup/rollup-win32-ia32-msvc": "4.24.3",
        "@rollup/rollup-win32-x64-msvc": "4.24.3",
        "fsevents": "~2.3.2"
      }
    },
    "node_modules/signal-polyfill": {
      "version": "0.2.1",
      "resolved": "https://pkgs.dev.azure.com/IngEurCDaaS01/IngOne/_packaging/central-npm-feed/npm/registry/signal-polyfill/-/signal-polyfill-0.2.1.tgz",
      "integrity": "sha1-bDdiI34YECueRXcCM6ixMTBqmC0=",
      "license": "Apache-2.0"
    },
    "node_modules/source-map-js": {
      "version": "1.2.1",
      "resolved": "https://pkgs.dev.azure.com/IngEurCDaaS01/IngOne/_packaging/central-npm-feed/npm/registry/source-map-js/-/source-map-js-1.2.1.tgz",
      "integrity": "sha1-HOVlD93YerwJnto33P8CTCZnrkY=",
      "dev": true,
      "license": "BSD-3-Clause",
      "engines": {
        "node": ">=0.10.0"
      }
    },
    "node_modules/vite": {
      "version": "5.4.10",
      "resolved": "https://pkgs.dev.azure.com/IngEurCDaaS01/IngOne/_packaging/central-npm-feed/npm/registry/vite/-/vite-5.4.10.tgz",
      "integrity": "sha1-01invYvtps8PO3pFCox2k6T4DBg=",
      "dev": true,
      "license": "MIT",
      "dependencies": {
        "esbuild": "^0.21.3",
        "postcss": "^8.4.43",
        "rollup": "^4.20.0"
      },
      "bin": {
        "vite": "bin/vite.js"
      },
      "engines": {
        "node": "^18.0.0 || >=20.0.0"
      },
      "funding": {
        "url": "https://github.com/vitejs/vite?sponsor=1"
      },
      "optionalDependencies": {
        "fsevents": "~2.3.3"
      },
      "peerDependencies": {
        "@types/node": "^18.0.0 || >=20.0.0",
        "less": "*",
        "lightningcss": "^1.21.0",
        "sass": "*",
        "sass-embedded": "*",
        "stylus": "*",
        "sugarss": "*",
        "terser": "^5.4.0"
      },
      "peerDependenciesMeta": {
        "@types/node": {
          "optional": true
        },
        "less": {
          "optional": true
        },
        "lightningcss": {
          "optional": true
        },
        "sass": {
          "optional": true
        },
        "sass-embedded": {
          "optional": true
        },
        "stylus": {
          "optional": true
        },
        "sugarss": {
          "optional": true
        },
        "terser": {
          "optional": true
        }
      }
    }
  }
}
