{
  "name": "lit-space-news",
  "version": "0.0.1",
  "lockfileVersion": 3,
  "requires": true,
  "packages": {
    "": {
      "name": "lit-space-news",
      "version": "0.0.1",
      "license": "MIT",
      "dependencies": {
        "@lit/context": "^1.1.2",
        "@lit/task": "^1.0.1",
        "lit": "^3.2.0"
      },
      "devDependencies": {
        "vite": "^5.4.2"
      }
    },
    "node_modules/@esbuild/aix-ppc64": {
      "version": "0.21.5",
      "resolved": "https://pkgs.dev.azure.com/IngEurCDaaS01/IngOne/_packaging/central-npm-feed/npm/registry/@esbuild/aix-ppc64/-/aix-ppc64-0.21.5.tgz",
      "integrity": "sha1-xxhKMmUz/N8bjuBzPiHHE7l1V18=",
      "cpu": [
        "ppc64"
      ],
      "dev": true,
      "license": "MIT",
      "optional": true,
      "os": [
        "aix"
      ],
      "engines": {
        "node": ">=12"
      }
    },
    "node_modules/@esbuild/android-arm": {
      "version": "0.21.5",
      "resolved": "https://pkgs.dev.azure.com/IngEurCDaaS01/IngOne/_packaging/central-npm-feed/npm/registry/@esbuild/android-arm/-/android-arm-0.21.5.tgz",
      "integrity": "sha1-mwQ4T7dxkm36bXrQQyTssqubLig=",
      "cpu": [
        "arm"
      ],
      "dev": true,
      "license": "MIT",
      "optional": true,
      "os": [
        "android"
      ],
      "engines": {
        "node": ">=12"
      }
    },
    "node_modules/@esbuild/android-arm64": {
      "version": "0.21.5",
      "resolved": "https://pkgs.dev.azure.com/IngEurCDaaS01/IngOne/_packaging/central-npm-feed/npm/registry/@esbuild/android-arm64/-/android-arm64-0.21.5.tgz",
      "integrity": "sha1-Cdm0NXeA2p6jp9+4M6Hx/0ObQFI=",
      "cpu": [
        "arm64"
      ],
      "dev": true,
      "license": "MIT",
      "optional": true,
      "os": [
        "android"
      ],
      "engines": {
        "node": ">=12"
      }
    },
    "node_modules/@esbuild/android-x64": {
      "version": "0.21.5",
      "resolved": "https://pkgs.dev.azure.com/IngEurCDaaS01/IngOne/_packaging/central-npm-feed/npm/registry/@esbuild/android-x64/-/android-x64-0.21.5.tgz",
      "integrity": "sha1-KZGOwtt1TO3LbBsE3ozWVHr2Rh4=",
      "cpu": [
        "x64"
      ],
      "dev": true,
      "license": "MIT",
      "optional": true,
      "os": [
        "android"
      ],
      "engines": {
        "node": ">=12"
      }
    },
    "node_modules/@esbuild/darwin-arm64": {
      "version": "0.21.5",
      "resolved": "https://pkgs.dev.azure.com/IngEurCDaaS01/IngOne/_packaging/central-npm-feed/npm/registry/@esbuild/darwin-arm64/-/darwin-arm64-0.21.5.tgz",
      "integrity": "sha1-5JW1OWYOUWkPOSivUKdvsKbM/yo=",
      "cpu": [
        "arm64"
      ],
      "dev": true,
      "license": "MIT",
      "optional": true,
      "os": [
        "darwin"
      ],
      "engines": {
        "node": ">=12"
      }
    },
    "node_modules/@esbuild/darwin-x64": {
      "version": "0.21.5",
      "resolved": "https://pkgs.dev.azure.com/IngEurCDaaS01/IngOne/_packaging/central-npm-feed/npm/registry/@esbuild/darwin-x64/-/darwin-x64-0.21.5.tgz",
      "integrity": "sha1-wTg4+lc3KDmr3dyR1xVCzuouHiI=",
      "cpu": [
        "x64"
      ],
      "dev": true,
      "license": "MIT",
      "optional": true,
      "os": [
        "darwin"
      ],
      "engines": {
        "node": ">=12"
      }
    },
    "node_modules/@esbuild/freebsd-arm64": {
      "version": "0.21.5",
      "resolved": "https://pkgs.dev.azure.com/IngEurCDaaS01/IngOne/_packaging/central-npm-feed/npm/registry/@esbuild/freebsd-arm64/-/freebsd-arm64-0.21.5.tgz",
      "integrity": "sha1-ZGuYmqIL+J/Qcd1dv61po1QuVQ4=",
      "cpu": [
        "arm64"
      ],
      "dev": true,
      "license": "MIT",
      "optional": true,
      "os": [
        "freebsd"
      ],
      "engines": {
        "node": ">=12"
      }
    },
    "node_modules/@esbuild/freebsd-x64": {
      "version": "0.21.5",
      "resolved": "https://pkgs.dev.azure.com/IngEurCDaaS01/IngOne/_packaging/central-npm-feed/npm/registry/@esbuild/freebsd-x64/-/freebsd-x64-0.21.5.tgz",
      "integrity": "sha1-qmFc/ICvlU00WJBuOMoiwYz1wmE=",
      "cpu": [
        "x64"
      ],
      "dev": true,
      "license": "MIT",
      "optional": true,
      "os": [
        "freebsd"
      ],
      "engines": {
        "node": ">=12"
      }
    },
    "node_modules/@esbuild/linux-arm": {
      "version": "0.21.5",
      "resolved": "https://pkgs.dev.azure.com/IngEurCDaaS01/IngOne/_packaging/central-npm-feed/npm/registry/@esbuild/linux-arm/-/linux-arm-0.21.5.tgz",
      "integrity": "sha1-/G/RGorKVsH284lPK+oEefj2Jrk=",
      "cpu": [
        "arm"
      ],
      "dev": true,
      "license": "MIT",
      "optional": true,
      "os": [
        "linux"
      ],
      "engines": {
        "node": ">=12"
      }
    },
    "node_modules/@esbuild/linux-arm64": {
      "version": "0.21.5",
      "resolved": "https://pkgs.dev.azure.com/IngEurCDaaS01/IngOne/_packaging/central-npm-feed/npm/registry/@esbuild/linux-arm64/-/linux-arm64-0.21.5.tgz",
      "integrity": "sha1-cKxvoU9ct+H3+Ie8/7aArQmSK1s=",
      "cpu": [
        "arm64"
      ],
      "dev": true,
      "license": "MIT",
      "optional": true,
      "os": [
        "linux"
      ],
      "engines": {
        "node": ">=12"
      }
    },
    "node_modules/@esbuild/linux-ia32": {
      "version": "0.21.5",
      "resolved": "https://pkgs.dev.azure.com/IngEurCDaaS01/IngOne/_packaging/central-npm-feed/npm/registry/@esbuild/linux-ia32/-/linux-ia32-0.21.5.tgz",
      "integrity": "sha1-MnH1Oz+T49CT1RjRZJ1taNNG7eI=",
      "cpu": [
        "ia32"
      ],
      "dev": true,
      "license": "MIT",
      "optional": true,
      "os": [
        "linux"
      ],
      "engines": {
        "node": ">=12"
      }
    },
    "node_modules/@esbuild/linux-loong64": {
      "version": "0.21.5",
      "resolved": "https://pkgs.dev.azure.com/IngEurCDaaS01/IngOne/_packaging/central-npm-feed/npm/registry/@esbuild/linux-loong64/-/linux-loong64-0.21.5.tgz",
      "integrity": "sha1-7WLgQjjFcCauqDHFoTC3PA+fJt8=",
      "cpu": [
        "loong64"
      ],
      "dev": true,
      "license": "MIT",
      "optional": true,
      "os": [
        "linux"
      ],
      "engines": {
        "node": ">=12"
      }
    },
    "node_modules/@esbuild/linux-mips64el": {
      "version": "0.21.5",
      "resolved": "https://pkgs.dev.azure.com/IngEurCDaaS01/IngOne/_packaging/central-npm-feed/npm/registry/@esbuild/linux-mips64el/-/linux-mips64el-0.21.5.tgz",
      "integrity": "sha1-55uOtIvzsQb63sGsgkD7l7TmTL4=",
      "cpu": [
        "mips64el"
      ],
      "dev": true,
      "license": "MIT",
      "optional": true,
      "os": [
        "linux"
      ],
      "engines": {
        "node": ">=12"
      }
    },
    "node_modules/@esbuild/linux-ppc64": {
      "version": "0.21.5",
      "resolved": "https://pkgs.dev.azure.com/IngEurCDaaS01/IngOne/_packaging/central-npm-feed/npm/registry/@esbuild/linux-ppc64/-/linux-ppc64-0.21.5.tgz",
      "integrity": "sha1-XyIDhgoUO5kZ04PvdXNSH7FUw+Q=",
      "cpu": [
        "ppc64"
      ],
      "dev": true,
      "license": "MIT",
      "optional": true,
      "os": [
        "linux"
      ],
      "engines": {
        "node": ">=12"
      }
    },
    "node_modules/@esbuild/linux-riscv64": {
      "version": "0.21.5",
      "resolved": "https://pkgs.dev.azure.com/IngEurCDaaS01/IngOne/_packaging/central-npm-feed/npm/registry/@esbuild/linux-riscv64/-/linux-riscv64-0.21.5.tgz",
      "integrity": "sha1-B7yv2ZMi1a9i9hjLnmqbf0u4Jdw=",
      "cpu": [
        "riscv64"
      ],
      "dev": true,
      "license": "MIT",
      "optional": true,
      "os": [
        "linux"
      ],
      "engines": {
        "node": ">=12"
      }
    },
    "node_modules/@esbuild/linux-s390x": {
      "version": "0.21.5",
      "resolved": "https://pkgs.dev.azure.com/IngEurCDaaS01/IngOne/_packaging/central-npm-feed/npm/registry/@esbuild/linux-s390x/-/linux-s390x-0.21.5.tgz",
      "integrity": "sha1-t8z2hnUdaj5EuGJ6uryL4+9i2N4=",
      "cpu": [
        "s390x"
      ],
      "dev": true,
      "license": "MIT",
      "optional": true,
      "os": [
        "linux"
      ],
      "engines": {
        "node": ">=12"
      }
    },
    "node_modules/@esbuild/linux-x64": {
      "version": "0.21.5",
      "resolved": "https://pkgs.dev.azure.com/IngEurCDaaS01/IngOne/_packaging/central-npm-feed/npm/registry/@esbuild/linux-x64/-/linux-x64-0.21.5.tgz",
      "integrity": "sha1-bY8Mdo4HDmQwmvgAS7lOaKsrs7A=",
      "cpu": [
        "x64"
      ],
      "dev": true,
      "license": "MIT",
      "optional": true,
      "os": [
        "linux"
      ],
      "engines": {
        "node": ">=12"
      }
    },
    "node_modules/@esbuild/netbsd-x64": {
      "version": "0.21.5",
      "resolved": "https://pkgs.dev.azure.com/IngEurCDaaS01/IngOne/_packaging/central-npm-feed/npm/registry/@esbuild/netbsd-x64/-/netbsd-x64-0.21.5.tgz",
      "integrity": "sha1-u+Qw9g03jsuI3sshnGAmZzh6YEc=",
      "cpu": [
        "x64"
      ],
      "dev": true,
      "license": "MIT",
      "optional": true,
      "os": [
        "netbsd"
      ],
      "engines": {
        "node": ">=12"
      }
    },
    "node_modules/@esbuild/openbsd-x64": {
      "version": "0.21.5",
      "resolved": "https://pkgs.dev.azure.com/IngEurCDaaS01/IngOne/_packaging/central-npm-feed/npm/registry/@esbuild/openbsd-x64/-/openbsd-x64-0.21.5.tgz",
      "integrity": "sha1-mdHPKTcnlWDSEEgh9czOIgyyr3A=",
      "cpu": [
        "x64"
      ],
      "dev": true,
      "license": "MIT",
      "optional": true,
      "os": [
        "openbsd"
      ],
      "engines": {
        "node": ">=12"
      }
    },
    "node_modules/@esbuild/sunos-x64": {
      "version": "0.21.5",
      "resolved": "https://pkgs.dev.azure.com/IngEurCDaaS01/IngOne/_packaging/central-npm-feed/npm/registry/@esbuild/sunos-x64/-/sunos-x64-0.21.5.tgz",
      "integrity": "sha1-CHQVEsENUpVmurqDe0/gUsjzSHs=",
      "cpu": [
        "x64"
      ],
      "dev": true,
      "license": "MIT",
      "optional": true,
      "os": [
        "sunos"
      ],
      "engines": {
        "node": ">=12"
      }
    },
    "node_modules/@esbuild/win32-arm64": {
      "version": "0.21.5",
      "resolved": "https://pkgs.dev.azure.com/IngEurCDaaS01/IngOne/_packaging/central-npm-feed/npm/registry/@esbuild/win32-arm64/-/win32-arm64-0.21.5.tgz",
      "integrity": "sha1-Z1tzhTmEESQHNQFhRKsumaYPx10=",
      "cpu": [
        "arm64"
      ],
      "dev": true,
      "license": "MIT",
      "optional": true,
      "os": [
        "win32"
      ],
      "engines": {
        "node": ">=12"
      }
    },
    "node_modules/@esbuild/win32-ia32": {
      "version": "0.21.5",
      "resolved": "https://pkgs.dev.azure.com/IngEurCDaaS01/IngOne/_packaging/central-npm-feed/npm/registry/@esbuild/win32-ia32/-/win32-ia32-0.21.5.tgz",
      "integrity": "sha1-G/w86YqmypoJaeTSr3IUTFnBGTs=",
      "cpu": [
        "ia32"
      ],
      "dev": true,
      "license": "MIT",
      "optional": true,
      "os": [
        "win32"
      ],
      "engines": {
        "node": ">=12"
      }
    },
    "node_modules/@esbuild/win32-x64": {
      "version": "0.21.5",
      "resolved": "https://pkgs.dev.azure.com/IngEurCDaaS01/IngOne/_packaging/central-npm-feed/npm/registry/@esbuild/win32-x64/-/win32-x64-0.21.5.tgz",
      "integrity": "sha1-rK01HVgtFXuxRVNdsqb/U91RS1w=",
      "cpu": [
        "x64"
      ],
      "dev": true,
      "license": "MIT",
      "optional": true,
      "os": [
        "win32"
      ],
      "engines": {
        "node": ">=12"
      }
    },
    "node_modules/@lit-labs/ssr-dom-shim": {
      "version": "1.2.1",
      "resolved": "https://pkgs.dev.azure.com/IngEurCDaaS01/IngOne/_packaging/central-npm-feed/npm/registry/@lit-labs/ssr-dom-shim/-/ssr-dom-shim-1.2.1.tgz",
      "integrity": "sha1-LzqPHWiJNccE28iRMjlKQQKay7g=",
      "license": "BSD-3-Clause"
    },
    "node_modules/@lit/context": {
      "version": "1.1.2",
      "resolved": "https://pkgs.dev.azure.com/IngEurCDaaS01/IngOne/_packaging/central-npm-feed/npm/registry/@lit/context/-/context-1.1.2.tgz",
      "integrity": "sha1-xns3NSEX6yUhQ6qXY/dfe/ooT4g=",
      "license": "BSD-3-Clause",
      "dependencies": {
        "@lit/reactive-element": "^1.6.2 || ^2.0.0"
      }
    },
    "node_modules/@lit/reactive-element": {
      "version": "2.0.4",
      "resolved": "https://pkgs.dev.azure.com/IngEurCDaaS01/IngOne/_packaging/central-npm-feed/npm/registry/@lit/reactive-element/-/reactive-element-2.0.4.tgz",
      "integrity": "sha1-jy7ZUKhIAWODiUomGA/wbFauABs=",
      "license": "BSD-3-Clause",
      "dependencies": {
        "@lit-labs/ssr-dom-shim": "^1.2.0"
      }
    },
    "node_modules/@lit/task": {
      "version": "1.0.1",
      "resolved": "https://pkgs.dev.azure.com/IngEurCDaaS01/IngOne/_packaging/central-npm-feed/npm/registry/@lit/task/-/task-1.0.1.tgz",
      "integrity": "sha1-dGKuqpc3ZoIlZ/XKkP4VdATo64E=",
      "license": "BSD-3-Clause",
      "dependencies": {
        "@lit/reactive-element": "^1.0.0 || ^2.0.0"
      }
    },
    "node_modules/@rollup/rollup-android-arm-eabi": {
      "version": "4.21.0",
      "resolved": "https://pkgs.dev.azure.com/IngEurCDaaS01/IngOne/_packaging/central-npm-feed/npm/registry/@rollup/rollup-android-arm-eabi/-/rollup-android-arm-eabi-4.21.0.tgz",
      "integrity": "sha1-2UEXP4L5sEHGGw3BoqkdzQbksx4=",
      "cpu": [
        "arm"
      ],
      "dev": true,
      "license": "MIT",
      "optional": true,
      "os": [
        "android"
      ]
    },
    "node_modules/@rollup/rollup-android-arm64": {
      "version": "4.21.0",
      "resolved": "https://pkgs.dev.azure.com/IngEurCDaaS01/IngOne/_packaging/central-npm-feed/npm/registry/@rollup/rollup-android-arm64/-/rollup-android-arm64-4.21.0.tgz",
      "integrity": "sha1-fnFXyFQyFSRc7/xEUTTZ6EO6UcA=",
      "cpu": [
        "arm64"
      ],
      "dev": true,
      "license": "MIT",
      "optional": true,
      "os": [
        "android"
      ]
    },
    "node_modules/@rollup/rollup-darwin-arm64": {
      "version": "4.21.0",
      "resolved": "https://pkgs.dev.azure.com/IngEurCDaaS01/IngOne/_packaging/central-npm-feed/npm/registry/@rollup/rollup-darwin-arm64/-/rollup-darwin-arm64-4.21.0.tgz",
      "integrity": "sha1-8KGKT8jcbrHpSlH6Ktsih29HeUc=",
      "cpu": [
        "arm64"
      ],
      "dev": true,
      "license": "MIT",
      "optional": true,
      "os": [
        "darwin"
      ]
    },
    "node_modules/@rollup/rollup-darwin-x64": {
      "version": "4.21.0",
      "resolved": "https://pkgs.dev.azure.com/IngEurCDaaS01/IngOne/_packaging/central-npm-feed/npm/registry/@rollup/rollup-darwin-x64/-/rollup-darwin-x64-4.21.0.tgz",
      "integrity": "sha1-NLeGdhPlzELSuF3cBCQijMM7Q/A=",
      "cpu": [
        "x64"
      ],
      "dev": true,
      "license": "MIT",
      "optional": true,
      "os": [
        "darwin"
      ]
    },
    "node_modules/@rollup/rollup-linux-arm-gnueabihf": {
      "version": "4.21.0",
      "resolved": "https://pkgs.dev.azure.com/IngEurCDaaS01/IngOne/_packaging/central-npm-feed/npm/registry/@rollup/rollup-linux-arm-gnueabihf/-/rollup-linux-arm-gnueabihf-4.21.0.tgz",
      "integrity": "sha1-QisZ/5rgKwXTOVGD0dQ7OMfIvgs=",
      "cpu": [
        "arm"
      ],
      "dev": true,
      "license": "MIT",
      "optional": true,
      "os": [
        "linux"
      ]
    },
    "node_modules/@rollup/rollup-linux-arm-musleabihf": {
      "version": "4.21.0",
      "resolved": "https://pkgs.dev.azure.com/IngEurCDaaS01/IngOne/_packaging/central-npm-feed/npm/registry/@rollup/rollup-linux-arm-musleabihf/-/rollup-linux-arm-musleabihf-4.21.0.tgz",
      "integrity": "sha1-VoqikZXvb8V+xu0/UYkjdkQGqO4=",
      "cpu": [
        "arm"
      ],
      "dev": true,
      "license": "MIT",
      "optional": true,
      "os": [
        "linux"
      ]
    },
    "node_modules/@rollup/rollup-linux-arm64-gnu": {
      "version": "4.21.0",
      "resolved": "https://pkgs.dev.azure.com/IngEurCDaaS01/IngOne/_packaging/central-npm-feed/npm/registry/@rollup/rollup-linux-arm64-gnu/-/rollup-linux-arm64-gnu-4.21.0.tgz",
      "integrity": "sha1-IjCci8uppzEU9pFlxyvJSy++wIU=",
      "cpu": [
        "arm64"
      ],
      "dev": true,
      "license": "MIT",
      "optional": true,
      "os": [
        "linux"
      ]
    },
    "node_modules/@rollup/rollup-linux-arm64-musl": {
      "version": "4.21.0",
      "resolved": "https://pkgs.dev.azure.com/IngEurCDaaS01/IngOne/_packaging/central-npm-feed/npm/registry/@rollup/rollup-linux-arm64-musl/-/rollup-linux-arm64-musl-4.21.0.tgz",
      "integrity": "sha1-yTw4ivbTPwgolLimCDnXJlsrm8U=",
      "cpu": [
        "arm64"
      ],
      "dev": true,
      "license": "MIT",
      "optional": true,
      "os": [
        "linux"
      ]
    },
    "node_modules/@rollup/rollup-linux-powerpc64le-gnu": {
      "version": "4.21.0",
      "resolved": "https://pkgs.dev.azure.com/IngEurCDaaS01/IngOne/_packaging/central-npm-feed/npm/registry/@rollup/rollup-linux-powerpc64le-gnu/-/rollup-linux-powerpc64le-gnu-4.21.0.tgz",
      "integrity": "sha1-STxeGeOVzzxr2GDHE5yKkD3qcrQ=",
      "cpu": [
        "ppc64"
      ],
      "dev": true,
      "license": "MIT",
      "optional": true,
      "os": [
        "linux"
      ]
    },
    "node_modules/@rollup/rollup-linux-riscv64-gnu": {
      "version": "4.21.0",
      "resolved": "https://pkgs.dev.azure.com/IngEurCDaaS01/IngOne/_packaging/central-npm-feed/npm/registry/@rollup/rollup-linux-riscv64-gnu/-/rollup-linux-riscv64-gnu-4.21.0.tgz",
      "integrity": "sha1-ouq0NG++WQkWXOma25NbowyftEQ=",
      "cpu": [
        "riscv64"
      ],
      "dev": true,
      "license": "MIT",
      "optional": true,
      "os": [
        "linux"
      ]
    },
    "node_modules/@rollup/rollup-linux-s390x-gnu": {
      "version": "4.21.0",
      "resolved": "https://pkgs.dev.azure.com/IngEurCDaaS01/IngOne/_packaging/central-npm-feed/npm/registry/@rollup/rollup-linux-s390x-gnu/-/rollup-linux-s390x-gnu-4.21.0.tgz",
      "integrity": "sha1-C8SaedtDRdeNdXuxsF5zobQvpcM=",
      "cpu": [
        "s390x"
      ],
      "dev": true,
      "license": "MIT",
      "optional": true,
      "os": [
        "linux"
      ]
    },
    "node_modules/@rollup/rollup-linux-x64-gnu": {
      "version": "4.21.0",
      "resolved": "https://pkgs.dev.azure.com/IngEurCDaaS01/IngOne/_packaging/central-npm-feed/npm/registry/@rollup/rollup-linux-x64-gnu/-/rollup-linux-x64-gnu-4.21.0.tgz",
      "integrity": "sha1-T9NqakHzQG2GkzIbE9T5t2WN1Lk=",
      "cpu": [
        "x64"
      ],
      "dev": true,
      "license": "MIT",
      "optional": true,
      "os": [
        "linux"
      ]
    },
    "node_modules/@rollup/rollup-linux-x64-musl": {
      "version": "4.21.0",
      "resolved": "https://pkgs.dev.azure.com/IngEurCDaaS01/IngOne/_packaging/central-npm-feed/npm/registry/@rollup/rollup-linux-x64-musl/-/rollup-linux-x64-musl-4.21.0.tgz",
      "integrity": "sha1-EOuxO9RGnLrRpdmwc70n7IqIYgA=",
      "cpu": [
        "x64"
      ],
      "dev": true,
      "license": "MIT",
      "optional": true,
      "os": [
        "linux"
      ]
    },
    "node_modules/@rollup/rollup-win32-arm64-msvc": {
      "version": "4.21.0",
      "resolved": "https://pkgs.dev.azure.com/IngEurCDaaS01/IngOne/_packaging/central-npm-feed/npm/registry/@rollup/rollup-win32-arm64-msvc/-/rollup-win32-arm64-msvc-4.21.0.tgz",
      "integrity": "sha1-L+8akPFAIljvkVrlqUzJGlodW/w=",
      "cpu": [
        "arm64"
      ],
      "dev": true,
      "license": "MIT",
      "optional": true,
      "os": [
        "win32"
      ]
    },
    "node_modules/@rollup/rollup-win32-ia32-msvc": {
      "version": "4.21.0",
      "resolved": "https://pkgs.dev.azure.com/IngEurCDaaS01/IngOne/_packaging/central-npm-feed/npm/registry/@rollup/rollup-win32-ia32-msvc/-/rollup-win32-ia32-msvc-4.21.0.tgz",
      "integrity": "sha1-oYrUepXF8mTe+2Cs3YwnVp+Bb8E=",
      "cpu": [
        "ia32"
      ],
      "dev": true,
      "license": "MIT",
      "optional": true,
      "os": [
        "win32"
      ]
    },
    "node_modules/@rollup/rollup-win32-x64-msvc": {
      "version": "4.21.0",
      "resolved": "https://pkgs.dev.azure.com/IngEurCDaaS01/IngOne/_packaging/central-npm-feed/npm/registry/@rollup/rollup-win32-x64-msvc/-/rollup-win32-x64-msvc-4.21.0.tgz",
      "integrity": "sha1-IMCc9E3LCCFAzH9DndZ5/ku6M3U=",
      "cpu": [
        "x64"
      ],
      "dev": true,
      "license": "MIT",
      "optional": true,
      "os": [
        "win32"
      ]
    },
    "node_modules/@types/estree": {
      "version": "1.0.5",
      "resolved": "https://pkgs.dev.azure.com/IngEurCDaaS01/IngOne/_packaging/central-npm-feed/npm/registry/@types/estree/-/estree-1.0.5.tgz",
      "integrity": "sha1-ps4+VW4A/ZiV3Yct0XKtDUvWh/Q=",
      "dev": true,
      "license": "MIT"
    },
    "node_modules/@types/trusted-types": {
      "version": "2.0.7",
      "resolved": "https://pkgs.dev.azure.com/IngEurCDaaS01/IngOne/_packaging/central-npm-feed/npm/registry/@types/trusted-types/-/trusted-types-2.0.7.tgz",
      "integrity": "sha1-usywepcLkXB986PoumiWxX6tLRE=",
      "license": "MIT"
    },
    "node_modules/esbuild": {
      "version": "0.21.5",
      "resolved": "https://pkgs.dev.azure.com/IngEurCDaaS01/IngOne/_packaging/central-npm-feed/npm/registry/esbuild/-/esbuild-0.21.5.tgz",
      "integrity": "sha1-nKMBsSCSKVm3ZjYNisgw2g0CmX0=",
      "dev": true,
      "hasInstallScript": true,
      "license": "MIT",
      "bin": {
        "esbuild": "bin/esbuild"
      },
      "engines": {
        "node": ">=12"
      },
      "optionalDependencies": {
        "@esbuild/aix-ppc64": "0.21.5",
        "@esbuild/android-arm": "0.21.5",
        "@esbuild/android-arm64": "0.21.5",
        "@esbuild/android-x64": "0.21.5",
        "@esbuild/darwin-arm64": "0.21.5",
        "@esbuild/darwin-x64": "0.21.5",
        "@esbuild/freebsd-arm64": "0.21.5",
        "@esbuild/freebsd-x64": "0.21.5",
        "@esbuild/linux-arm": "0.21.5",
        "@esbuild/linux-arm64": "0.21.5",
        "@esbuild/linux-ia32": "0.21.5",
        "@esbuild/linux-loong64": "0.21.5",
        "@esbuild/linux-mips64el": "0.21.5",
        "@esbuild/linux-ppc64": "0.21.5",
        "@esbuild/linux-riscv64": "0.21.5",
        "@esbuild/linux-s390x": "0.21.5",
        "@esbuild/linux-x64": "0.21.5",
        "@esbuild/netbsd-x64": "0.21.5",
        "@esbuild/openbsd-x64": "0.21.5",
        "@esbuild/sunos-x64": "0.21.5",
        "@esbuild/win32-arm64": "0.21.5",
        "@esbuild/win32-ia32": "0.21.5",
        "@esbuild/win32-x64": "0.21.5"
      }
    },
    "node_modules/fsevents": {
      "version": "2.3.3",
      "resolved": "https://pkgs.dev.azure.com/IngEurCDaaS01/IngOne/_packaging/central-npm-feed/npm/registry/fsevents/-/fsevents-2.3.3.tgz",
      "integrity": "sha1-ysZAd4XQNnWipeGlMFxpezR9kNY=",
      "dev": true,
      "license": "MIT",
      "optional": true,
      "os": [
        "darwin"
      ],
      "engines": {
        "node": "^8.16.0 || ^10.6.0 || >=11.0.0"
      }
    },
    "node_modules/lit": {
      "version": "3.2.0",
      "resolved": "https://pkgs.dev.azure.com/IngEurCDaaS01/IngOne/_packaging/central-npm-feed/npm/registry/lit/-/lit-3.2.0.tgz",
      "integrity": "sha1-IYnXK8y8M19zOme/u9KV8BXmjgU=",
      "license": "BSD-3-Clause",
      "dependencies": {
        "@lit/reactive-element": "^2.0.4",
        "lit-element": "^4.1.0",
        "lit-html": "^3.2.0"
      }
    },
    "node_modules/lit-element": {
      "version": "4.1.0",
      "resolved": "https://pkgs.dev.azure.com/IngEurCDaaS01/IngOne/_packaging/central-npm-feed/npm/registry/lit-element/-/lit-element-4.1.0.tgz",
      "integrity": "sha1-zqPrJfFQkeP63gfE2Rf6aq9Wun0=",
      "license": "BSD-3-Clause",
      "dependencies": {
        "@lit-labs/ssr-dom-shim": "^1.2.0",
        "@lit/reactive-element": "^2.0.4",
        "lit-html": "^3.2.0"
      }
    },
    "node_modules/lit-html": {
      "version": "3.2.0",
      "resolved": "https://pkgs.dev.azure.com/IngEurCDaaS01/IngOne/_packaging/central-npm-feed/npm/registry/lit-html/-/lit-html-3.2.0.tgz",
      "integrity": "sha1-ywkHGoofXwhQhz+RQ/GPAmC+H9o=",
      "license": "BSD-3-Clause",
      "dependencies": {
        "@types/trusted-types": "^2.0.2"
      }
    },
    "node_modules/nanoid": {
      "version": "3.3.7",
      "resolved": "https://pkgs.dev.azure.com/IngEurCDaaS01/IngOne/_packaging/central-npm-feed/npm/registry/nanoid/-/nanoid-3.3.7.tgz",
      "integrity": "sha1-0MMBppG8jVTvoKIibM8/4v1la9g=",
      "dev": true,
      "funding": [
        {
          "type": "github",
          "url": "https://github.com/sponsors/ai"
        }
      ],
      "license": "MIT",
      "bin": {
        "nanoid": "bin/nanoid.cjs"
      },
      "engines": {
        "node": "^10 || ^12 || ^13.7 || ^14 || >=15.0.1"
      }
    },
    "node_modules/picocolors": {
      "version": "1.0.1",
      "resolved": "https://pkgs.dev.azure.com/IngEurCDaaS01/IngOne/_packaging/central-npm-feed/npm/registry/picocolors/-/picocolors-1.0.1.tgz",
      "integrity": "sha1-qK1Xm1cZUvDl0liS3lRFvP4lqqE=",
      "dev": true,
      "license": "ISC"
    },
    "node_modules/postcss": {
      "version": "8.4.41",
      "resolved": "https://pkgs.dev.azure.com/IngEurCDaaS01/IngOne/_packaging/central-npm-feed/npm/registry/postcss/-/postcss-8.4.41.tgz",
      "integrity": "sha1-1hBNO6Jy2IL+GPwH0V3C2mL6JoE=",
      "dev": true,
      "funding": [
        {
          "type": "opencollective",
          "url": "https://opencollective.com/postcss/"
        },
        {
          "type": "tidelift",
          "url": "https://tidelift.com/funding/github/npm/postcss"
        },
        {
          "type": "github",
          "url": "https://github.com/sponsors/ai"
        }
      ],
      "license": "MIT",
      "dependencies": {
        "nanoid": "^3.3.7",
        "picocolors": "^1.0.1",
        "source-map-js": "^1.2.0"
      },
      "engines": {
        "node": "^10 || ^12 || >=14"
      }
    },
    "node_modules/rollup": {
      "version": "4.21.0",
      "resolved": "https://pkgs.dev.azure.com/IngEurCDaaS01/IngOne/_packaging/central-npm-feed/npm/registry/rollup/-/rollup-4.21.0.tgz",
      "integrity": "sha1-KNtfXFVqUYA2HTUAmXnMx0lWC50=",
      "dev": true,
      "license": "MIT",
      "dependencies": {
        "@types/estree": "1.0.5"
      },
      "bin": {
        "rollup": "dist/bin/rollup"
      },
      "engines": {
        "node": ">=18.0.0",
        "npm": ">=8.0.0"
      },
      "optionalDependencies": {
        "@rollup/rollup-android-arm-eabi": "4.21.0",
        "@rollup/rollup-android-arm64": "4.21.0",
        "@rollup/rollup-darwin-arm64": "4.21.0",
        "@rollup/rollup-darwin-x64": "4.21.0",
        "@rollup/rollup-linux-arm-gnueabihf": "4.21.0",
        "@rollup/rollup-linux-arm-musleabihf": "4.21.0",
        "@rollup/rollup-linux-arm64-gnu": "4.21.0",
        "@rollup/rollup-linux-arm64-musl": "4.21.0",
        "@rollup/rollup-linux-powerpc64le-gnu": "4.21.0",
        "@rollup/rollup-linux-riscv64-gnu": "4.21.0",
        "@rollup/rollup-linux-s390x-gnu": "4.21.0",
        "@rollup/rollup-linux-x64-gnu": "4.21.0",
        "@rollup/rollup-linux-x64-musl": "4.21.0",
        "@rollup/rollup-win32-arm64-msvc": "4.21.0",
        "@rollup/rollup-win32-ia32-msvc": "4.21.0",
        "@rollup/rollup-win32-x64-msvc": "4.21.0",
        "fsevents": "~2.3.2"
      }
    },
    "node_modules/source-map-js": {
      "version": "1.2.0",
      "resolved": "https://pkgs.dev.azure.com/IngEurCDaaS01/IngOne/_packaging/central-npm-feed/npm/registry/source-map-js/-/source-map-js-1.2.0.tgz",
      "integrity": "sha1-FrgJwWJRe1uMPn3NMVoqXCYSsq8=",
      "dev": true,
      "license": "BSD-3-Clause",
      "engines": {
        "node": ">=0.10.0"
      }
    },
    "node_modules/vite": {
      "version": "5.4.2",
      "resolved": "https://pkgs.dev.azure.com/IngEurCDaaS01/IngOne/_packaging/central-npm-feed/npm/registry/vite/-/vite-5.4.2.tgz",
      "integrity": "sha1-istuxL+rgjzfwcstbFPtMRvE5H4=",
      "dev": true,
      "license": "MIT",
      "dependencies": {
        "esbuild": "^0.21.3",
        "postcss": "^8.4.41",
        "rollup": "^4.20.0"
      },
      "bin": {
        "vite": "bin/vite.js"
      },
      "engines": {
        "node": "^18.0.0 || >=20.0.0"
      },
      "funding": {
        "url": "https://github.com/vitejs/vite?sponsor=1"
      },
      "optionalDependencies": {
        "fsevents": "~2.3.3"
      },
      "peerDependencies": {
        "@types/node": "^18.0.0 || >=20.0.0",
        "less": "*",
        "lightningcss": "^1.21.0",
        "sass": "*",
        "sass-embedded": "*",
        "stylus": "*",
        "sugarss": "*",
        "terser": "^5.4.0"
      },
      "peerDependenciesMeta": {
        "@types/node": {
          "optional": true
        },
        "less": {
          "optional": true
        },
        "lightningcss": {
          "optional": true
        },
        "sass": {
          "optional": true
        },
        "sass-embedded": {
          "optional": true
        },
        "stylus": {
          "optional": true
        },
        "sugarss": {
          "optional": true
        },
        "terser": {
          "optional": true
        }
      }
    }
  }
}
